{
  "nodes": {
    "nix-hug": {
      "inputs": {
        "nixpkgs": [
          "nixpkgs"
        ]
      },
      "locked": {
        "lastModified": 1775861071,
        "narHash": "sha256-8sAGVoMQJI2Twxf/qAAwyAPMRXOzNE75P6oylYeldlo=",
        "owner": "longregen",
        "repo": "nix-hug",
        "rev": "4344f4879fbf000eeba35c6347b1a3f3dcefa78b",
        "type": "github"
      },
      "original": {
        "owner": "longregen",
        "repo": "nix-hug",
        "type": "github"
      }
    },
    "nixpkgs": {
      "locked": {
        "lastModified": 1776548001,
        "narHash": "sha256-ZSK0NL4a1BwVbbTBoSnWgbJy9HeZFXLYQizjb2DPF24=",
        "owner": "NixOS",
        "repo": "nixpkgs",
        "rev": "b12141ef619e0a9c1c84dc8c684040326f27cdcc",
        "type": "github"
      },
      "original": {
        "owner": "NixOS",
        "repo": "nixpkgs",
        "rev": "b12141ef619e0a9c1c84dc8c684040326f27cdcc",
        "type": "github"
      }
    },
    "root": {
      "inputs": {
        "nix-hug": "nix-hug",
        "nixpkgs": "nixpkgs"
      }
    }
  },
  "root": "root",
  "version": 7
}
