{
  "nodes": {
    "nix-hug": {
      "inputs": {
        "nixpkgs": [
          "nixpkgs"
        ]
      },
      "locked": {
        "lastModified": 1772588253,
        "narHash": "sha256-87QJSsNAtiVd/eAPfdu97MBihCeGe5b34bJ/TPN4fq4=",
        "owner": "longregen",
        "repo": "nix-hug",
        "rev": "e0befd1c1e55cc05c283a8ada8ffaa1212909636",
        "type": "github"
      },
      "original": {
        "owner": "longregen",
        "repo": "nix-hug",
        "type": "github"
      }
    },
    "nixpkgs": {
      "locked": {
        "lastModified": 1772542754,
        "narHash": "sha256-WGV2hy+VIeQsYXpsLjdr4GvHv5eECMISX1zKLTedhdg=",
        "owner": "NixOS",
        "repo": "nixpkgs",
        "rev": "8c809a146a140c5c8806f13399592dbcb1bb5dc4",
        "type": "github"
      },
      "original": {
        "owner": "NixOS",
        "ref": "nixos-unstable",
        "repo": "nixpkgs",
        "type": "github"
      }
    },
    "root": {
      "inputs": {
        "nix-hug": "nix-hug",
        "nixpkgs": "nixpkgs"
      }
    }
  },
  "root": "root",
  "version": 7
}
